
Microsoft Visual Studio Solution File, Format Version 12.00
# Visual Studio Version 17
VisualStudioVersion = 17.11.35208.52
MinimumVisualStudioVersion = 10.0.40219.1
Project("{FAE04EC0-301F-11D3-BF4B-00C04F79EFBC}") = "TrackYourWorkout", "TrackYourWorkout.csproj", "{B7CA9F39-09EB-4D1B-8542-DA05C654A266}"
EndProject
Global
	GlobalSection(SolutionConfigurationPlatforms) = preSolution
		Debug|Any CPU = Debug|Any CPU
		Release|Any CPU = Release|Any CPU
	EndGlobalSection
	GlobalSection(ProjectConfigurationPlatforms) = postSolution
		{B7CA9F39-09EB-4D1B-8542-DA05C654A266}.Debug|Any CPU.ActiveCfg = Debug|Any CPU
		{B7CA9F39-09EB-4D1B-8542-DA05C654A266}.Debug|Any CPU.Build.0 = Debug|Any CPU
		{B7CA9F39-09EB-4D1B-8542-DA05C654A266}.Release|Any CPU.ActiveCfg = Release|Any CPU
		{B7CA9F39-09EB-4D1B-8542-DA05C654A266}.Release|Any CPU.Build.0 = Release|Any CPU
	EndGlobalSection
	GlobalSection(SolutionProperties) = preSolution
		HideSolutionNode = FALSE
	EndGlobalSection
	GlobalSection(ExtensibilityGlobals) = postSolution
		SolutionGuid = {45A2A0EF-963F-48B4-8F78-83714640FEBD}
	EndGlobalSection
EndGlobal
